
Microsoft Visual Studio Solution File, Format Version 12.00
# Visual Studio Version 17
VisualStudioVersion = 17.4.33213.308
MinimumVisualStudioVersion = 10.0.40219.1
Project("{FAE04EC0-301F-11D3-BF4B-00C04F79EFBC}") = "Shop", "Shop\Shop.csproj", "{0734384F-7026-4877-87D3-0E15191A524F}"
EndProject
Global
	GlobalSection(SolutionConfigurationPlatforms) = preSolution
		Debug|Any CPU = Debug|Any CPU
		Release|Any CPU = Release|Any CPU
	EndGlobalSection
	GlobalSection(ProjectConfigurationPlatforms) = postSolution
		{0734384F-7026-4877-87D3-0E15191A524F}.Debug|Any CPU.ActiveCfg = Debug|Any CPU
		{0734384F-7026-4877-87D3-0E15191A524F}.Debug|Any CPU.Build.0 = Debug|Any CPU
		{0734384F-7026-4877-87D3-0E15191A524F}.Release|Any CPU.ActiveCfg = Release|Any CPU
		{0734384F-7026-4877-87D3-0E15191A524F}.Release|Any CPU.Build.0 = Release|Any CPU
	EndGlobalSection
	GlobalSection(SolutionProperties) = preSolution
		HideSolutionNode = FALSE
	EndGlobalSection
	GlobalSection(ExtensibilityGlobals) = postSolution
		SolutionGuid = {3B6FC851-CF9E-4F85-AF00-A8B8397FAE88}
	EndGlobalSection
EndGlobal
